schema: '2.0'
stages:
  ml_pipeline:
    cmd: python src/components/data_ingestion.py
    deps:
    - path: src/components/data_transformation.py
      hash: md5
      md5: 9921bc6ed5b9668d287ef7aed6892d32
      size: 5008
    - path: src/components/model_trainer.py
      hash: md5
      md5: da6eff7da713f4cadbe463e7d84f6a3e
      size: 4435
    - path: src/tracking/params.py
      hash: md5
      md5: 971175c1113db19a87385941420f3aea
      size: 1717
    outs:
    - path: artifacts/raw.csv
      hash: md5
      md5: c5c3479c035dae99008c648c79278d2c
      size: 549681
    - path: artifacts/test.csv
      hash: md5
      md5: 7ae538eea10c0d24ebdaf558000d23a8
      size: 165005
    - path: artifacts/train.csv
      hash: md5
      md5: e4761797cd2aa94337c36424c12e0ff3
      size: 384787
